// !$*UTF8*$!
{
	archiveVersion = 1;
	classes = {
	};
	objectVersion = 56;
	objects = {

/* Begin PBXBuildFile section */
		0A39CDAA28E97477008E7423 /* AppDelegate.swift in Sources */ = {isa = PBXBuildFile; fileRef = 0A39CDA928E97477008E7423 /* AppDelegate.swift */; };
		0A39CDAC28E97477008E7423 /* SceneDelegate.swift in Sources */ = {isa = PBXBuildFile; fileRef = 0A39CDAB28E97477008E7423 /* SceneDelegate.swift */; };
		0A39CDAE28E97477008E7423 /* ViewController.swift in Sources */ = {isa = PBXBuildFile; fileRef = 0A39CDAD28E97477008E7423 /* ViewController.swift */; };
		0A39CDB128E97477008E7423 /* Main.storyboard in Resources */ = {isa = PBXBuildFile; fileRef = 0A39CDAF28E97477008E7423 /* Main.storyboard */; };
		0A39CDB328E97479008E7423 /* Assets.xcassets in Resources */ = {isa = PBXBuildFile; fileRef = 0A39CDB228E97479008E7423 /* Assets.xcassets */; };
		0A39CDB628E97479008E7423 /* LaunchScreen.storyboard in Resources */ = {isa = PBXBuildFile; fileRef = 0A39CDB428E97479008E7423 /* LaunchScreen.storyboard */; };
		0A39CDC128E97479008E7423 /* Three_Dim_Sonification_with_SensorsTests.swift in Sources */ = {isa = PBXBuildFile; fileRef = 0A39CDC028E97479008E7423 /* Three_Dim_Sonification_with_SensorsTests.swift */; };
		0A39CDCB28E97479008E7423 /* Three_Dim_Sonification_with_SensorsUITests.swift in Sources */ = {isa = PBXBuildFile; fileRef = 0A39CDCA28E97479008E7423 /* Three_Dim_Sonification_with_SensorsUITests.swift */; };
		0A39CDCD28E97479008E7423 /* Three_Dim_Sonification_with_SensorsUITestsLaunchTests.swift in Sources */ = {isa = PBXBuildFile; fileRef = 0A39CDCC28E97479008E7423 /* Three_Dim_Sonification_with_SensorsUITestsLaunchTests.swift */; };
/* End PBXBuildFile section */

/* Begin PBXContainerItemProxy section */
		0A39CDBD28E97479008E7423 /* PBXContainerItemProxy */ = {
			isa = PBXContainerItemProxy;
			containerPortal = 0A39CD9E28E97477008E7423 /* Project object */;
			proxyType = 1;
			remoteGlobalIDString = 0A39CDA528E97477008E7423;
			remoteInfo = "Three Dim Sonification with Sensors";
		};
		0A39CDC728E97479008E7423 /* PBXContainerItemProxy */ = {
			isa = PBXContainerItemProxy;
			containerPortal = 0A39CD9E28E97477008E7423 /* Project object */;
			proxyType = 1;
			remoteGlobalIDString = 0A39CDA528E97477008E7423;
			remoteInfo = "Three Dim Sonification with Sensors";
		};
/* End PBXContainerItemProxy section */

/* Begin PBXFileReference section */
		0A39CDA628E97477008E7423 /* Three Dim Sonification with Sensors.app */ = {isa = PBXFileReference; explicitFileType = wrapper.application; includeInIndex = 0; path = "Three Dim Sonification with Sensors.app"; sourceTree = BUILT_PRODUCTS_DIR; };
		0A39CDA928E97477008E7423 /* AppDelegate.swift */ = {isa = PBXFileReference; lastKnownFileType = sourcecode.swift; path = AppDelegate.swift; sourceTree = "<group>"; };
		0A39CDAB28E97477008E7423 /* SceneDelegate.swift */ = {isa = PBXFileReference; lastKnownFileType = sourcecode.swift; path = SceneDelegate.swift; sourceTree = "<group>"; };
		0A39CDAD28E97477008E7423 /* ViewController.swift */ = {isa = PBXFileReference; lastKnownFileType = sourcecode.swift; path = ViewController.swift; sourceTree = "<group>"; };
		0A39CDB028E97477008E7423 /* Base */ = {isa = PBXFileReference; lastKnownFileType = file.storyboard; name = Base; path = Base.lproj/Main.storyboard; sourceTree = "<group>"; };
		0A39CDB228E97479008E7423 /* Assets.xcassets */ = {isa = PBXFileReference; lastKnownFileType = folder.assetcatalog; path = Assets.xcassets; sourceTree = "<group>"; };
		0A39CDB528E97479008E7423 /* Base */ = {isa = PBXFileReference; lastKnownFileType = file.storyboard; name = Base; path = Base.lproj/LaunchScreen.storyboard; sourceTree = "<group>"; };
		0A39CDB728E97479008E7423 /* Info.plist */ = {isa = PBXFileReference; lastKnownFileType = text.plist.xml; path = Info.plist; sourceTree = "<group>"; };
		0A39CDBC28E97479008E7423 /* Three Dim Sonification with SensorsTests.xctest */ = {isa = PBXFileReference; explicitFileType = wrapper.cfbundle; includeInIndex = 0; path = "Three Dim Sonification with SensorsTests.xctest"; sourceTree = BUILT_PRODUCTS_DIR; };
		0A39CDC028E97479008E7423 /* Three_Dim_Sonification_with_SensorsTests.swift */ = {isa = PBXFileReference; lastKnownFileType = sourcecode.swift; path = Three_Dim_Sonification_with_SensorsTests.swift; sourceTree = "<group>"; };
		0A39CDC628E97479008E7423 /* Three Dim Sonification with SensorsUITests.xctest */ = {isa = PBXFileReference; explicitFileType = wrapper.cfbundle; includeInIndex = 0; path = "Three Dim Sonification with SensorsUITests.xctest"; sourceTree = BUILT_PRODUCTS_DIR; };
		0A39CDCA28E97479008E7423 /* Three_Dim_Sonification_with_SensorsUITests.swift */ = {isa = PBXFileReference; lastKnownFileType = sourcecode.swift; path = Three_Dim_Sonification_with_SensorsUITests.swift; sourceTree = "<group>"; };
		0A39CDCC28E97479008E7423 /* Three_Dim_Sonification_with_SensorsUITestsLaunchTests.swift */ = {isa = PBXFileReference; lastKnownFileType = sourcecode.swift; path = Three_Dim_Sonification_with_SensorsUITestsLaunchTests.swift; sourceTree = "<group>"; };
/* End PBXFileReference section */

/* Begin PBXFrameworksBuildPhase section */
		0A39CDA328E97477008E7423 /* Frameworks */ = {
			isa = PBXFrameworksBuildPhase;
			buildActionMask = 2147483647;
			files = (
			);
			runOnlyForDeploymentPostprocessing = 0;
		};
		0A39CDB928E97479008E7423 /* Frameworks */ = {
			isa = PBXFrameworksBuildPhase;
			buildActionMask = 2147483647;
			files = (
			);
			runOnlyForDeploymentPostprocessing = 0;
		};
		0A39CDC328E97479008E7423 /* Frameworks */ = {
			isa = PBXFrameworksBuildPhase;
			buildActionMask = 2147483647;
			files = (
			);
			runOnlyForDeploymentPostprocessing = 0;
		};
/* End PBXFrameworksBuildPhase section */

/* Begin PBXGroup section */
		0A39CD9D28E97477008E7423 = {
			isa = PBXGroup;
			children = (
				0A39CDA828E97477008E7423 /* Three Dim Sonification with Sensors */,
				0A39CDBF28E97479008E7423 /* Three Dim Sonification with SensorsTests */,
				0A39CDC928E97479008E7423 /* Three Dim Sonification with SensorsUITests */,
				0A39CDA728E97477008E7423 /* Products */,
			);
			sourceTree = "<group>";
		};
		0A39CDA728E97477008E7423 /* Products */ = {
			isa = PBXGroup;
			children = (
				0A39CDA628E97477008E7423 /* Three Dim Sonification with Sensors.app */,
				0A39CDBC28E97479008E7423 /* Three Dim Sonification with SensorsTests.xctest */,
				0A39CDC628E97479008E7423 /* Three Dim Sonification with SensorsUITests.xctest */,
			);
			name = Products;
			sourceTree = "<group>";
		};
		0A39CDA828E97477008E7423 /* Three Dim Sonification with Sensors */ = {
			isa = PBXGroup;
			children = (
				0A39CDA928E97477008E7423 /* AppDelegate.swift */,
				0A39CDAB28E97477008E7423 /* SceneDelegate.swift */,
				0A39CDAD28E97477008E7423 /* ViewController.swift */,
				0A39CDAF28E97477008E7423 /* Main.storyboard */,
				0A39CDB228E97479008E7423 /* Assets.xcassets */,
				0A39CDB428E97479008E7423 /* LaunchScreen.storyboard */,
				0A39CDB728E97479008E7423 /* Info.plist */,
			);
			path = "Three Dim Sonification with Sensors";
			sourceTree = "<group>";
		};
		0A39CDBF28E97479008E7423 /* Three Dim Sonification with SensorsTests */ = {
			isa = PBXGroup;
			children = (
				0A39CDC028E97479008E7423 /* Three_Dim_Sonification_with_SensorsTests.swift */,
			);
			path = "Three Dim Sonification with SensorsTests";
			sourceTree = "<group>";
		};
		0A39CDC928E97479008E7423 /* Three Dim Sonification with SensorsUITests */ = {
			isa = PBXGroup;
			children = (
				0A39CDCA28E97479008E7423 /* Three_Dim_Sonification_with_SensorsUITests.swift */,
				0A39CDCC28E97479008E7423 /* Three_Dim_Sonification_with_SensorsUITestsLaunchTests.swift */,
			);
			path = "Three Dim Sonification with SensorsUITests";
			sourceTree = "<group>";
		};
/* End PBXGroup section */

/* Begin PBXNativeTarget section */
		0A39CDA528E97477008E7423 /* Three Dim Sonification with Sensors */ = {
			isa = PBXNativeTarget;
			buildConfigurationList = 0A39CDD028E97479008E7423 /* Build configuration list for PBXNativeTarget "Three Dim Sonification with Sensors" */;
			buildPhases = (
				0A39CDA228E97477008E7423 /* Sources */,
				0A39CDA328E97477008E7423 /* Frameworks */,
				0A39CDA428E97477008E7423 /* Resources */,
			);
			buildRules = (
			);
			dependencies = (
			);
			name = "Three Dim Sonification with Sensors";
			productName = "Three Dim Sonification with Sensors";
			productReference = 0A39CDA628E97477008E7423 /* Three Dim Sonification with Sensors.app */;
			productType = "com.apple.product-type.application";
		};
		0A39CDBB28E97479008E7423 /* Three Dim Sonification with SensorsTests */ = {
			isa = PBXNativeTarget;
			buildConfigurationList = 0A39CDD328E97479008E7423 /* Build configuration list for PBXNativeTarget "Three Dim Sonification with SensorsTests" */;
			buildPhases = (
				0A39CDB828E97479008E7423 /* Sources */,
				0A39CDB928E97479008E7423 /* Frameworks */,
				0A39CDBA28E97479008E7423 /* Resources */,
			);
			buildRules = (
			);
			dependencies = (
				0A39CDBE28E97479008E7423 /* PBXTargetDependency */,
			);
			name = "Three Dim Sonification with SensorsTests";
			productName = "Three Dim Sonification with SensorsTests";
			productReference = 0A39CDBC28E97479008E7423 /* Three Dim Sonification with SensorsTests.xctest */;
			productType = "com.apple.product-type.bundle.unit-test";
		};
		0A39CDC528E97479008E7423 /* Three Dim Sonification with SensorsUITests */ = {
			isa = PBXNativeTarget;
			buildConfigurationList = 0A39CDD628E97479008E7423 /* Build configuration list for PBXNativeTarget "Three Dim Sonification with SensorsUITests" */;
			buildPhases = (
				0A39CDC228E97479008E7423 /* Sources */,
				0A39CDC328E97479008E7423 /* Frameworks */,
				0A39CDC428E97479008E7423 /* Resources */,
			);
			buildRules = (
			);
			dependencies = (
				0A39CDC828E97479008E7423 /* PBXTargetDependency */,
			);
			name = "Three Dim Sonification with SensorsUITests";
			productName = "Three Dim Sonification with SensorsUITests";
			productReference = 0A39CDC628E97479008E7423 /* Three Dim Sonification with SensorsUITests.xctest */;
			productType = "com.apple.product-type.bundle.ui-testing";
		};
/* End PBXNativeTarget section */

/* Begin PBXProject section */
		0A39CD9E28E97477008E7423 /* Project object */ = {
			isa = PBXProject;
			attributes = {
				BuildIndependentTargetsInParallel = 1;
				LastSwiftUpdateCheck = 1400;
				LastUpgradeCheck = 1400;
				TargetAttributes = {
					0A39CDA528E97477008E7423 = {
						CreatedOnToolsVersion = 14.0.1;
					};
					0A39CDBB28E97479008E7423 = {
						CreatedOnToolsVersion = 14.0.1;
						TestTargetID = 0A39CDA528E97477008E7423;
					};
					0A39CDC528E97479008E7423 = {
						CreatedOnToolsVersion = 14.0.1;
						TestTargetID = 0A39CDA528E97477008E7423;
					};
				};
			};
			buildConfigurationList = 0A39CDA128E97477008E7423 /* Build configuration list for PBXProject "Three Dim Sonification with Sensors" */;
			compatibilityVersion = "Xcode 14.0";
			developmentRegion = en;
			hasScannedForEncodings = 0;
			knownRegions = (
				en,
				Base,
			);
			mainGroup = 0A39CD9D28E97477008E7423;
			productRefGroup = 0A39CDA728E97477008E7423 /* Products */;
			projectDirPath = "";
			projectRoot = "";
			targets = (
				0A39CDA528E97477008E7423 /* Three Dim Sonification with Sensors */,
				0A39CDBB28E97479008E7423 /* Three Dim Sonification with SensorsTests */,
				0A39CDC528E97479008E7423 /* Three Dim Sonification with SensorsUITests */,
			);
		};
/* End PBXProject section */

/* Begin PBXResourcesBuildPhase section */
		0A39CDA428E97477008E7423 /* Resources */ = {
			isa = PBXResourcesBuildPhase;
			buildActionMask = 2147483647;
			files = (
				0A39CDB628E97479008E7423 /* LaunchScreen.storyboard in Resources */,
				0A39CDB328E97479008E7423 /* Assets.xcassets in Resources */,
				0A39CDB128E97477008E7423 /* Main.storyboard in Resources */,
			);
			runOnlyForDeploymentPostprocessing = 0;
		};
		0A39CDBA28E97479008E7423 /* Resources */ = {
			isa = PBXResourcesBuildPhase;
			buildActionMask = 2147483647;
			files = (
			);
			runOnlyForDeploymentPostprocessing = 0;
		};
		0A39CDC428E97479008E7423 /* Resources */ = {
			isa = PBXResourcesBuildPhase;
			buildActionMask = 2147483647;
			files = (
			);
			runOnlyForDeploymentPostprocessing = 0;
		};
/* End PBXResourcesBuildPhase section */

/* Begin PBXSourcesBuildPhase section */
		0A39CDA228E97477008E7423 /* Sources */ = {
			isa = PBXSourcesBuildPhase;
			buildActionMask = 2147483647;
			files = (
				0A39CDAE28E97477008E7423 /* ViewController.swift in Sources */,
				0A39CDAA28E97477008E7423 /* AppDelegate.swift in Sources */,
				0A39CDAC28E97477008E7423 /* SceneDelegate.swift in Sources */,
			);
			runOnlyForDeploymentPostprocessing = 0;
		};
		0A39CDB828E97479008E7423 /* Sources */ = {
			isa = PBXSourcesBuildPhase;
			buildActionMask = 2147483647;
			files = (
				0A39CDC128E97479008E7423 /* Three_Dim_Sonification_with_SensorsTests.swift in Sources */,
			);
			runOnlyForDeploymentPostprocessing = 0;
		};
		0A39CDC228E97479008E7423 /* Sources */ = {
			isa = PBXSourcesBuildPhase;
			buildActionMask = 2147483647;
			files = (
				0A39CDCD28E97479008E7423 /* Three_Dim_Sonification_with_SensorsUITestsLaunchTests.swift in Sources */,
				0A39CDCB28E97479008E7423 /* Three_Dim_Sonification_with_SensorsUITests.swift in Sources */,
			);
			runOnlyForDeploymentPostprocessing = 0;
		};
/* End PBXSourcesBuildPhase section */

/* Begin PBXTargetDependency section */
		0A39CDBE28E97479008E7423 /* PBXTargetDependency */ = {
			isa = PBXTargetDependency;
			target = 0A39CDA528E97477008E7423 /* Three Dim Sonification with Sensors */;
			targetProxy = 0A39CDBD28E97479008E7423 /* PBXContainerItemProxy */;
		};
		0A39CDC828E97479008E7423 /* PBXTargetDependency */ = {
			isa = PBXTargetDependency;
			target = 0A39CDA528E97477008E7423 /* Three Dim Sonification with Sensors */;
			targetProxy = 0A39CDC728E97479008E7423 /* PBXContainerItemProxy */;
		};
/* End PBXTargetDependency section */

/* Begin PBXVariantGroup section */
		0A39CDAF28E97477008E7423 /* Main.storyboard */ = {
			isa = PBXVariantGroup;
			children = (
				0A39CDB028E97477008E7423 /* Base */,
			);
			name = Main.storyboard;
			sourceTree = "<group>";
		};
		0A39CDB428E97479008E7423 /* LaunchScreen.storyboard */ = {
			isa = PBXVariantGroup;
			children = (
				0A39CDB528E97479008E7423 /* Base */,
			);
			name = LaunchScreen.storyboard;
			sourceTree = "<group>";
		};
/* End PBXVariantGroup section */

/* Begin XCBuildConfiguration section */
		0A39CDCE28E97479008E7423 /* Debug */ = {
			isa = XCBuildConfiguration;
			buildSettings = {
				ALWAYS_SEARCH_USER_PATHS = NO;
				CLANG_ANALYZER_NONNULL = YES;
				CLANG_ANALYZER_NUMBER_OBJECT_CONVERSION = YES_AGGRESSIVE;
				CLANG_CXX_LANGUAGE_STANDARD = "gnu++20";
				CLANG_ENABLE_MODULES = YES;
				CLANG_ENABLE_OBJC_ARC = YES;
				CLANG_ENABLE_OBJC_WEAK = YES;
				CLANG_WARN_BLOCK_CAPTURE_AUTORELEASING = YES;
				CLANG_WARN_BOOL_CONVERSION = YES;
				CLANG_WARN_COMMA = YES;
				CLANG_WARN_CONSTANT_CONVERSION = YES;
				CLANG_WARN_DEPRECATED_OBJC_IMPLEMENTATIONS = YES;
				CLANG_WARN_DIRECT_OBJC_ISA_USAGE = YES_ERROR;
				CLANG_WARN_DOCUMENTATION_COMMENTS = YES;
				CLANG_WARN_EMPTY_BODY = YES;
				CLANG_WARN_ENUM_CONVERSION = YES;
				CLANG_WARN_INFINITE_RECURSION = YES;
				CLANG_WARN_INT_CONVERSION = YES;
				CLANG_WARN_NON_LITERAL_NULL_CONVERSION = YES;
				CLANG_WARN_OBJC_IMPLICIT_RETAIN_SELF = YES;
				CLANG_WARN_OBJC_LITERAL_CONVERSION = YES;
				CLANG_WARN_OBJC_ROOT_CLASS = YES_ERROR;
				CLANG_WARN_QUOTED_INCLUDE_IN_FRAMEWORK_HEADER = YES;
				CLANG_WARN_RANGE_LOOP_ANALYSIS = YES;
				CLANG_WARN_STRICT_PROTOTYPES = YES;
				CLANG_WARN_SUSPICIOUS_MOVE = YES;
				CLANG_WARN_UNGUARDED_AVAILABILITY = YES_AGGRESSIVE;
				CLANG_WARN_UNREACHABLE_CODE = YES;
				CLANG_WARN__DUPLICATE_METHOD_MATCH = YES;
				COPY_PHASE_STRIP = NO;
				DEBUG_INFORMATION_FORMAT = dwarf;
				ENABLE_STRICT_OBJC_MSGSEND = YES;
				ENABLE_TESTABILITY = YES;
				GCC_C_LANGUAGE_STANDARD = gnu11;
				GCC_DYNAMIC_NO_PIC = NO;
				GCC_NO_COMMON_BLOCKS = YES;
				GCC_OPTIMIZATION_LEVEL = 0;
				GCC_PREPROCESSOR_DEFINITIONS = (
					"DEBUG=1",
					"$(inherited)",
				);
				GCC_WARN_64_TO_32_BIT_CONVERSION = YES;
				GCC_WARN_ABOUT_RETURN_TYPE = YES_ERROR;
				GCC_WARN_UNDECLARED_SELECTOR = YES;
				GCC_WARN_UNINITIALIZED_AUTOS = YES_AGGRESSIVE;
				GCC_WARN_UNUSED_FUNCTION = YES;
				GCC_WARN_UNUSED_VARIABLE = YES;
				IPHONEOS_DEPLOYMENT_TARGET = 16.0;
				MTL_ENABLE_DEBUG_INFO = INCLUDE_SOURCE;
				MTL_FAST_MATH = YES;
				ONLY_ACTIVE_ARCH = YES;
				SDKROOT = iphoneos;
				SWIFT_ACTIVE_COMPILATION_CONDITIONS = DEBUG;
				SWIFT_OPTIMIZATION_LEVEL = "-Onone";
			};
			name = Debug;
		};
		0A39CDCF28E97479008E7423 /* Release */ = {
			isa = XCBuildConfiguration;
			buildSettings = {
				ALWAYS_SEARCH_USER_PATHS = NO;
				CLANG_ANALYZER_NONNULL = YES;
				CLANG_ANALYZER_NUMBER_OBJECT_CONVERSION = YES_AGGRESSIVE;
				CLANG_CXX_LANGUAGE_STANDARD = "gnu++20";
				CLANG_ENABLE_MODULES = YES;
				CLANG_ENABLE_OBJC_ARC = YES;
				CLANG_ENABLE_OBJC_WEAK = YES;
				CLANG_WARN_BLOCK_CAPTURE_AUTORELEASING = YES;
				CLANG_WARN_BOOL_CONVERSION = YES;
				CLANG_WARN_COMMA = YES;
				CLANG_WARN_CONSTANT_CONVERSION = YES;
				CLANG_WARN_DEPRECATED_OBJC_IMPLEMENTATIONS = YES;
				CLANG_WARN_DIRECT_OBJC_ISA_USAGE = YES_ERROR;
				CLANG_WARN_DOCUMENTATION_COMMENTS = YES;
				CLANG_WARN_EMPTY_BODY = YES;
				CLANG_WARN_ENUM_CONVERSION = YES;
				CLANG_WARN_INFINITE_RECURSION = YES;
				CLANG_WARN_INT_CONVERSION = YES;
				CLANG_WARN_NON_LITERAL_NULL_CONVERSION = YES;
				CLANG_WARN_OBJC_IMPLICIT_RETAIN_SELF = YES;
				CLANG_WARN_OBJC_LITERAL_CONVERSION = YES;
				CLANG_WARN_OBJC_ROOT_CLASS = YES_ERROR;
				CLANG_WARN_QUOTED_INCLUDE_IN_FRAMEWORK_HEADER = YES;
				CLANG_WARN_RANGE_LOOP_ANALYSIS = YES;
				CLANG_WARN_STRICT_PROTOTYPES = YES;
				CLANG_WARN_SUSPICIOUS_MOVE = YES;
				CLANG_WARN_UNGUARDED_AVAILABILITY = YES_AGGRESSIVE;
				CLANG_WARN_UNREACHABLE_CODE = YES;
				CLANG_WARN__DUPLICATE_METHOD_MATCH = YES;
				COPY_PHASE_STRIP = NO;
				DEBUG_INFORMATION_FORMAT = "dwarf-with-dsym";
				ENABLE_NS_ASSERTIONS = NO;
				ENABLE_STRICT_OBJC_MSGSEND = YES;
				GCC_C_LANGUAGE_STANDARD = gnu11;
				GCC_NO_COMMON_BLOCKS = YES;
				GCC_WARN_64_TO_32_BIT_CONVERSION = YES;
				GCC_WARN_ABOUT_RETURN_TYPE = YES_ERROR;
				GCC_WARN_UNDECLARED_SELECTOR = YES;
				GCC_WARN_UNINITIALIZED_AUTOS = YES_AGGRESSIVE;
				GCC_WARN_UNUSED_FUNCTION = YES;
				GCC_WARN_UNUSED_VARIABLE = YES;
				IPHONEOS_DEPLOYMENT_TARGET = 16.0;
				MTL_ENABLE_DEBUG_INFO = NO;
				MTL_FAST_MATH = YES;
				SDKROOT = iphoneos;
				SWIFT_COMPILATION_MODE = wholemodule;
				SWIFT_OPTIMIZATION_LEVEL = "-O";
				VALIDATE_PRODUCT = YES;
			};
			name = Release;
		};
		0A39CDD128E97479008E7423 /* Debug */ = {
			isa = XCBuildConfiguration;
			buildSettings = {
				ASSETCATALOG_COMPILER_APPICON_NAME = AppIcon;
				ASSETCATALOG_COMPILER_GLOBAL_ACCENT_COLOR_NAME = AccentColor;
				CODE_SIGN_STYLE = Automatic;
				CURRENT_PROJECT_VERSION = 1;
				DEVELOPMENT_TEAM = PN684QD28D;
				GENERATE_INFOPLIST_FILE = YES;
				INFOPLIST_FILE = "Three Dim Sonification with Sensors/Info.plist";
				INFOPLIST_KEY_UIApplicationSupportsIndirectInputEvents = YES;
				INFOPLIST_KEY_UILaunchStoryboardName = LaunchScreen;
				INFOPLIST_KEY_UIMainStoryboardFile = Main;
				INFOPLIST_KEY_UISupportedInterfaceOrientations_iPad = "UIInterfaceOrientationPortrait UIInterfaceOrientationPortraitUpsideDown UIInterfaceOrientationLandscapeLeft UIInterfaceOrientationLandscapeRight";
				INFOPLIST_KEY_UISupportedInterfaceOrientations_iPhone = "UIInterfaceOrientationPortrait UIInterfaceOrientationLandscapeLeft UIInterfaceOrientationLandscapeRight";
				LD_RUNPATH_SEARCH_PATHS = (
					"$(inherited)",
					"@executable_path/Frameworks",
				);
				MARKETING_VERSION = 1.0;
				PRODUCT_BUNDLE_IDENTIFIER = "sonicyouth.Three-Dim-Sonification-with-Sensors";
				PRODUCT_NAME = "$(TARGET_NAME)";
				SWIFT_EMIT_LOC_STRINGS = YES;
				SWIFT_VERSION = 5.0;
				TARGETED_DEVICE_FAMILY = "1,2";
			};
			name = Debug;
		};
		0A39CDD228E97479008E7423 /* Release */ = {
			isa = XCBuildConfiguration;
			buildSettings = {
				ASSETCATALOG_COMPILER_APPICON_NAME = AppIcon;
				ASSETCATALOG_COMPILER_GLOBAL_ACCENT_COLOR_NAME = AccentColor;
				CODE_SIGN_STYLE = Automatic;
				CURRENT_PROJECT_VERSION = 1;
				DEVELOPMENT_TEAM = PN684QD28D;
				GENERATE_INFOPLIST_FILE = YES;
				INFOPLIST_FILE = "Three Dim Sonification with Sensors/Info.plist";
				INFOPLIST_KEY_UIApplicationSupportsIndirectInputEvents = YES;
				INFOPLIST_KEY_UILaunchStoryboardName = LaunchScreen;
				INFOPLIST_KEY_UIMainStoryboardFile = Main;
				INFOPLIST_KEY_UISupportedInterfaceOrientations_iPad = "UIInterfaceOrientationPortrait UIInterfaceOrientationPortraitUpsideDown UIInterfaceOrientationLandscapeLeft UIInterfaceOrientationLandscapeRight";
				INFOPLIST_KEY_UISupportedInterfaceOrientations_iPhone = "UIInterfaceOrientationPortrait UIInterfaceOrientationLandscapeLeft UIInterfaceOrientationLandscapeRight";
				LD_RUNPATH_SEARCH_PATHS = (
					"$(inherited)",
					"@executable_path/Frameworks",
				);
				MARKETING_VERSION = 1.0;
				PRODUCT_BUNDLE_IDENTIFIER = "sonicyouth.Three-Dim-Sonification-with-Sensors";
				PRODUCT_NAME = "$(TARGET_NAME)";
				SWIFT_EMIT_LOC_STRINGS = YES;
				SWIFT_VERSION = 5.0;
				TARGETED_DEVICE_FAMILY = "1,2";
			};
			name = Release;
		};
		0A39CDD428E97479008E7423 /* Debug */ = {
			isa = XCBuildConfiguration;
			buildSettings = {
				ALWAYS_EMBED_SWIFT_STANDARD_LIBRARIES = YES;
				BUNDLE_LOADER = "$(TEST_HOST)";
				CODE_SIGN_STYLE = Automatic;
				CURRENT_PROJECT_VERSION = 1;
				DEVELOPMENT_TEAM = PN684QD28D;
				GENERATE_INFOPLIST_FILE = YES;
				IPHONEOS_DEPLOYMENT_TARGET = 16.0;
				MARKETING_VERSION = 1.0;
				PRODUCT_BUNDLE_IDENTIFIER = "sonicyouth.Three-Dim-Sonification-with-SensorsTests";
				PRODUCT_NAME = "$(TARGET_NAME)";
				SWIFT_EMIT_LOC_STRINGS = NO;
				SWIFT_VERSION = 5.0;
				TARGETED_DEVICE_FAMILY = "1,2";
				TEST_HOST = "$(BUILT_PRODUCTS_DIR)/Three Dim Sonification with Sensors.app/$(BUNDLE_EXECUTABLE_FOLDER_PATH)/Three Dim Sonification with Sensors";
			};
			name = Debug;
		};
		0A39CDD528E97479008E7423 /* Release */ = {
			isa = XCBuildConfiguration;
			buildSettings = {
				ALWAYS_EMBED_SWIFT_STANDARD_LIBRARIES = YES;
				BUNDLE_LOADER = "$(TEST_HOST)";
				CODE_SIGN_STYLE = Automatic;
				CURRENT_PROJECT_VERSION = 1;
				DEVELOPMENT_TEAM = PN684QD28D;
				GENERATE_INFOPLIST_FILE = YES;
				IPHONEOS_DEPLOYMENT_TARGET = 16.0;
				MARKETING_VERSION = 1.0;
				PRODUCT_BUNDLE_IDENTIFIER = "sonicyouth.Three-Dim-Sonification-with-SensorsTests";
				PRODUCT_NAME = "$(TARGET_NAME)";
				SWIFT_EMIT_LOC_STRINGS = NO;
				SWIFT_VERSION = 5.0;
				TARGETED_DEVICE_FAMILY = "1,2";
				TEST_HOST = "$(BUILT_PRODUCTS_DIR)/Three Dim Sonification with Sensors.app/$(BUNDLE_EXECUTABLE_FOLDER_PATH)/Three Dim Sonification with Sensors";
			};
			name = Release;
		};
		0A39CDD728E97479008E7423 /* Debug */ = {
			isa = XCBuildConfiguration;
			buildSettings = {
				ALWAYS_EMBED_SWIFT_STANDARD_LIBRARIES = YES;
				CODE_SIGN_STYLE = Automatic;
				CURRENT_PROJECT_VERSION = 1;
				DEVELOPMENT_TEAM = PN684QD28D;
				GENERATE_INFOPLIST_FILE = YES;
				MARKETING_VERSION = 1.0;
				PRODUCT_BUNDLE_IDENTIFIER = "sonicyouth.Three-Dim-Sonification-with-SensorsUITests";
				PRODUCT_NAME = "$(TARGET_NAME)";
				SWIFT_EMIT_LOC_STRINGS = NO;
				SWIFT_VERSION = 5.0;
				TARGETED_DEVICE_FAMILY = "1,2";
				TEST_TARGET_NAME = "Three Dim Sonification with Sensors";
			};
			name = Debug;
		};
		0A39CDD828E97479008E7423 /* Release */ = {
			isa = XCBuildConfiguration;
			buildSettings = {
				ALWAYS_EMBED_SWIFT_STANDARD_LIBRARIES = YES;
				CODE_SIGN_STYLE = Automatic;
				CURRENT_PROJECT_VERSION = 1;
				DEVELOPMENT_TEAM = PN684QD28D;
				GENERATE_INFOPLIST_FILE = YES;
				MARKETING_VERSION = 1.0;
				PRODUCT_BUNDLE_IDENTIFIER = "sonicyouth.Three-Dim-Sonification-with-SensorsUITests";
				PRODUCT_NAME = "$(TARGET_NAME)";
				SWIFT_EMIT_LOC_STRINGS = NO;
				SWIFT_VERSION = 5.0;
				TARGETED_DEVICE_FAMILY = "1,2";
				TEST_TARGET_NAME = "Three Dim Sonification with Sensors";
			};
			name = Release;
		};
/* End XCBuildConfiguration section */

/* Begin XCConfigurationList section */
		0A39CDA128E97477008E7423 /* Build configuration list for PBXProject "Three Dim Sonification with Sensors" */ = {
			isa = XCConfigurationList;
			buildConfigurations = (
				0A39CDCE28E97479008E7423 /* Debug */,
				0A39CDCF28E97479008E7423 /* Release */,
			);
			defaultConfigurationIsVisible = 0;
			defaultConfigurationName = Release;
		};
		0A39CDD028E97479008E7423 /* Build configuration list for PBXNativeTarget "Three Dim Sonification with Sensors" */ = {
			isa = XCConfigurationList;
			buildConfigurations = (
				0A39CDD128E97479008E7423 /* Debug */,
				0A39CDD228E97479008E7423 /* Release */,
			);
			defaultConfigurationIsVisible = 0;
			defaultConfigurationName = Release;
		};
		0A39CDD328E97479008E7423 /* Build configuration list for PBXNativeTarget "Three Dim Sonification with SensorsTests" */ = {
			isa = XCConfigurationList;
			buildConfigurations = (
				0A39CDD428E97479008E7423 /* Debug */,
				0A39CDD528E97479008E7423 /* Release */,
			);
			defaultConfigurationIsVisible = 0;
			defaultConfigurationName = Release;
		};
		0A39CDD628E97479008E7423 /* Build configuration list for PBXNativeTarget "Three Dim Sonification with SensorsUITests" */ = {
			isa = XCConfigurationList;
			buildConfigurations = (
				0A39CDD728E97479008E7423 /* Debug */,
				0A39CDD828E97479008E7423 /* Release */,
			);
			defaultConfigurationIsVisible = 0;
			defaultConfigurationName = Release;
		};
/* End XCConfigurationList section */
	};
	rootObject = 0A39CD9E28E97477008E7423 /* Project object */;
}
